
Microsoft Visual Studio Solution File, Format Version 12.00
# Visual Studio Version 16
VisualStudioVersion = 16.0.29021.104
MinimumVisualStudioVersion = 10.0.40219.1
Project("{9A19103F-16F7-4668-BE54-9A1E7A4F7556}") = "Adliance.AspNetCore.Buddy", "src\Adliance.AspNetCore.Buddy\Adliance.AspNetCore.Buddy.csproj", "{25DE1DE1-6A11-466F-9D60-C52E400C5337}"
EndProject
Project("{2150E333-8FDC-42A3-9474-1A3956D46DE8}") = "test", "test", "{4962C7B7-9835-4FE5-BEEB-DD3F375537B7}"
EndProject
Project("{2150E333-8FDC-42A3-9474-1A3956D46DE8}") = "Solution Items", "Solution Items", "{ED29AB8C-F631-48F4-A782-00473BDD0A2D}"
	ProjectSection(SolutionItems) = preProject
		azure-pipelines.yml = azure-pipelines.yml
		README.md = README.md
	EndProjectSection
EndProject
Project("{FAE04EC0-301F-11D3-BF4B-00C04F79EFBC}") = "Adliance.AspNetCore.Buddy.Email.SendGrid", "src\Adliance.AspNetCore.Buddy.Email.SendGrid\Adliance.AspNetCore.Buddy.Email.SendGrid.csproj", "{A9402D86-139E-48A6-8444-28C14B7CB310}"
EndProject
Project("{FAE04EC0-301F-11D3-BF4B-00C04F79EFBC}") = "Adliance.AspNetCore.Buddy.Pdf", "src\Adliance.AspNetCore.Buddy.Pdf\Adliance.AspNetCore.Buddy.Pdf.csproj", "{D4DF0BBA-4CCF-4E35-B8B2-9F5B736EDB29}"
EndProject
Project("{FAE04EC0-301F-11D3-BF4B-00C04F79EFBC}") = "Adliance.AspNetCore.Buddy.Template.Razor", "src\Adliance.AspNetCore.Buddy.Template.Razor\Adliance.AspNetCore.Buddy.Template.Razor.csproj", "{9F3AE099-0A86-4C4B-937C-90AA90B2D0FA}"
EndProject
Project("{FAE04EC0-301F-11D3-BF4B-00C04F79EFBC}") = "Adliance.AspNetCore.Buddy.Email.SendGrid.Test", "test\Adliance.AspNetCore.Buddy.Email.SendGrid.Test\Adliance.AspNetCore.Buddy.Email.SendGrid.Test.csproj", "{9A02CE23-9976-4FCE-929B-F4E55F96C3C2}"
EndProject
Project("{FAE04EC0-301F-11D3-BF4B-00C04F79EFBC}") = "Adliance.AspNetCore.Buddy.Pdf.Test", "test\Adliance.AspNetCore.Buddy.Pdf.Test\Adliance.AspNetCore.Buddy.Pdf.Test.csproj", "{515EE1A7-ED77-423E-B994-882B0D0E1CBE}"
EndProject
Project("{FAE04EC0-301F-11D3-BF4B-00C04F79EFBC}") = "Adliance.AspNetCore.Buddy.Abstractions", "src\Adliance.AspNetCore.Buddy.Abstractions\Adliance.AspNetCore.Buddy.Abstractions.csproj", "{1D49BDF0-E887-400F-BBC8-581FAA217FEF}"
EndProject
Project("{FAE04EC0-301F-11D3-BF4B-00C04F79EFBC}") = "Adliance.AspNetCore.Buddy.Email.Mailjet", "src\Adliance.AspNetCore.Buddy.Email.Mailjet\Adliance.AspNetCore.Buddy.Email.Mailjet.csproj", "{0F79951A-B8D8-498C-909C-FE9D1DDC5BBA}"
EndProject
Project("{FAE04EC0-301F-11D3-BF4B-00C04F79EFBC}") = "Adliance.AspNetCore.Buddy.Email.Mailjet.Test", "test\Adliance.AspNetCore.Buddy.Email.Mailjet.Test\Adliance.AspNetCore.Buddy.Email.Mailjet.Test.csproj", "{384AA159-4011-4EE4-88BE-9E9C73B98A18}"
EndProject
Project("{FAE04EC0-301F-11D3-BF4B-00C04F79EFBC}") = "Adliance.AspNetCore.Buddy.Storage", "src\Adliance.AspNetCore.Buddy.Storage\Adliance.AspNetCore.Buddy.Storage.csproj", "{23F07C51-BDC1-4F16-8F01-7001F3FCA689}"
EndProject
Project("{FAE04EC0-301F-11D3-BF4B-00C04F79EFBC}") = "Adliance.AspNetCore.Buddy.Storage.Test", "test\Adliance.AspNetCore.Buddy.Storage.Test\Adliance.AspNetCore.Buddy.Storage.Test.csproj", "{C4CC9F16-6461-4A2B-9004-AADA26038E4D}"
EndProject
Project("{FAE04EC0-301F-11D3-BF4B-00C04F79EFBC}") = "Adliance.AspNetCore.Buddy.Highcharts", "src\Adliance.AspNetCore.Buddy.Highcharts\Adliance.AspNetCore.Buddy.Highcharts.csproj", "{D7178452-C82A-4C16-B1B5-1331DAC367A3}"
EndProject
Project("{FAE04EC0-301F-11D3-BF4B-00C04F79EFBC}") = "Adliance.AspNetCore.Buddy.Highcharts.Test", "test\Adliance.AspNetCore.Buddy.Highcharts.Test\Adliance.AspNetCore.Buddy.Highcharts.Test.csproj", "{28357706-8588-4631-9CD3-E5537B54AC96}"
EndProject
Project("{FAE04EC0-301F-11D3-BF4B-00C04F79EFBC}") = "Adliance.AspNetCore.Buddy.Email.Smtp", "src\Adliance.AspNetCore.Buddy.Email.Smtp\Adliance.AspNetCore.Buddy.Email.Smtp.csproj", "{716B190F-6A18-481A-9191-C1A3069F7975}"
EndProject
Project("{FAE04EC0-301F-11D3-BF4B-00C04F79EFBC}") = "Adliance.AspNetCore.Buddy.Email.Smtp.Test", "test\Adliance.AspNetCore.Buddy.Email.Smtp.Test\Adliance.AspNetCore.Buddy.Email.Smtp.Test.csproj", "{627F45DC-84EF-41DF-9D23-E7D580156BF5}"
EndProject
Project("{FAE04EC0-301F-11D3-BF4B-00C04F79EFBC}") = "Adliance.AspNetCore.Buddy.Sms.Twilio", "src\Adliance.AspNetCore.Buddy.Sms.Twilio\Adliance.AspNetCore.Buddy.Sms.Twilio.csproj", "{758F81E5-2C34-486C-BFFB-62B392600067}"
EndProject
Project("{FAE04EC0-301F-11D3-BF4B-00C04F79EFBC}") = "Adliance.AspNetCore.Buddy.Email.Bulma", "src\Adliance.AspNetCore.Buddy.Bulma\Adliance.AspNetCore.Buddy.Email.Bulma.csproj", "{C0ED533D-8A60-4CA2-A290-1ACC8BD6DFEE}"
EndProject
Global
	GlobalSection(SolutionConfigurationPlatforms) = preSolution
		Debug|Any CPU = Debug|Any CPU
		Release|Any CPU = Release|Any CPU
	EndGlobalSection
	GlobalSection(ProjectConfigurationPlatforms) = postSolution
		{25DE1DE1-6A11-466F-9D60-C52E400C5337}.Debug|Any CPU.ActiveCfg = Debug|Any CPU
		{25DE1DE1-6A11-466F-9D60-C52E400C5337}.Debug|Any CPU.Build.0 = Debug|Any CPU
		{25DE1DE1-6A11-466F-9D60-C52E400C5337}.Release|Any CPU.ActiveCfg = Release|Any CPU
		{25DE1DE1-6A11-466F-9D60-C52E400C5337}.Release|Any CPU.Build.0 = Release|Any CPU
		{A9402D86-139E-48A6-8444-28C14B7CB310}.Debug|Any CPU.ActiveCfg = Debug|Any CPU
		{A9402D86-139E-48A6-8444-28C14B7CB310}.Debug|Any CPU.Build.0 = Debug|Any CPU
		{A9402D86-139E-48A6-8444-28C14B7CB310}.Release|Any CPU.ActiveCfg = Release|Any CPU
		{A9402D86-139E-48A6-8444-28C14B7CB310}.Release|Any CPU.Build.0 = Release|Any CPU
		{D4DF0BBA-4CCF-4E35-B8B2-9F5B736EDB29}.Debug|Any CPU.ActiveCfg = Debug|Any CPU
		{D4DF0BBA-4CCF-4E35-B8B2-9F5B736EDB29}.Debug|Any CPU.Build.0 = Debug|Any CPU
		{D4DF0BBA-4CCF-4E35-B8B2-9F5B736EDB29}.Release|Any CPU.ActiveCfg = Release|Any CPU
		{D4DF0BBA-4CCF-4E35-B8B2-9F5B736EDB29}.Release|Any CPU.Build.0 = Release|Any CPU
		{9F3AE099-0A86-4C4B-937C-90AA90B2D0FA}.Debug|Any CPU.ActiveCfg = Debug|Any CPU
		{9F3AE099-0A86-4C4B-937C-90AA90B2D0FA}.Debug|Any CPU.Build.0 = Debug|Any CPU
		{9F3AE099-0A86-4C4B-937C-90AA90B2D0FA}.Release|Any CPU.ActiveCfg = Release|Any CPU
		{9F3AE099-0A86-4C4B-937C-90AA90B2D0FA}.Release|Any CPU.Build.0 = Release|Any CPU
		{9A02CE23-9976-4FCE-929B-F4E55F96C3C2}.Debug|Any CPU.ActiveCfg = Debug|Any CPU
		{9A02CE23-9976-4FCE-929B-F4E55F96C3C2}.Debug|Any CPU.Build.0 = Debug|Any CPU
		{9A02CE23-9976-4FCE-929B-F4E55F96C3C2}.Release|Any CPU.ActiveCfg = Release|Any CPU
		{9A02CE23-9976-4FCE-929B-F4E55F96C3C2}.Release|Any CPU.Build.0 = Release|Any CPU
		{515EE1A7-ED77-423E-B994-882B0D0E1CBE}.Debug|Any CPU.ActiveCfg = Debug|Any CPU
		{515EE1A7-ED77-423E-B994-882B0D0E1CBE}.Debug|Any CPU.Build.0 = Debug|Any CPU
		{515EE1A7-ED77-423E-B994-882B0D0E1CBE}.Release|Any CPU.ActiveCfg = Release|Any CPU
		{515EE1A7-ED77-423E-B994-882B0D0E1CBE}.Release|Any CPU.Build.0 = Release|Any CPU
		{1D49BDF0-E887-400F-BBC8-581FAA217FEF}.Debug|Any CPU.ActiveCfg = Debug|Any CPU
		{1D49BDF0-E887-400F-BBC8-581FAA217FEF}.Debug|Any CPU.Build.0 = Debug|Any CPU
		{1D49BDF0-E887-400F-BBC8-581FAA217FEF}.Release|Any CPU.ActiveCfg = Release|Any CPU
		{1D49BDF0-E887-400F-BBC8-581FAA217FEF}.Release|Any CPU.Build.0 = Release|Any CPU
		{0F79951A-B8D8-498C-909C-FE9D1DDC5BBA}.Debug|Any CPU.ActiveCfg = Debug|Any CPU
		{0F79951A-B8D8-498C-909C-FE9D1DDC5BBA}.Debug|Any CPU.Build.0 = Debug|Any CPU
		{0F79951A-B8D8-498C-909C-FE9D1DDC5BBA}.Release|Any CPU.ActiveCfg = Release|Any CPU
		{0F79951A-B8D8-498C-909C-FE9D1DDC5BBA}.Release|Any CPU.Build.0 = Release|Any CPU
		{384AA159-4011-4EE4-88BE-9E9C73B98A18}.Debug|Any CPU.ActiveCfg = Debug|Any CPU
		{384AA159-4011-4EE4-88BE-9E9C73B98A18}.Debug|Any CPU.Build.0 = Debug|Any CPU
		{384AA159-4011-4EE4-88BE-9E9C73B98A18}.Release|Any CPU.ActiveCfg = Release|Any CPU
		{384AA159-4011-4EE4-88BE-9E9C73B98A18}.Release|Any CPU.Build.0 = Release|Any CPU
		{23F07C51-BDC1-4F16-8F01-7001F3FCA689}.Debug|Any CPU.ActiveCfg = Debug|Any CPU
		{23F07C51-BDC1-4F16-8F01-7001F3FCA689}.Debug|Any CPU.Build.0 = Debug|Any CPU
		{23F07C51-BDC1-4F16-8F01-7001F3FCA689}.Release|Any CPU.ActiveCfg = Release|Any CPU
		{23F07C51-BDC1-4F16-8F01-7001F3FCA689}.Release|Any CPU.Build.0 = Release|Any CPU
		{C4CC9F16-6461-4A2B-9004-AADA26038E4D}.Debug|Any CPU.ActiveCfg = Debug|Any CPU
		{C4CC9F16-6461-4A2B-9004-AADA26038E4D}.Debug|Any CPU.Build.0 = Debug|Any CPU
		{C4CC9F16-6461-4A2B-9004-AADA26038E4D}.Release|Any CPU.ActiveCfg = Release|Any CPU
		{C4CC9F16-6461-4A2B-9004-AADA26038E4D}.Release|Any CPU.Build.0 = Release|Any CPU
		{D7178452-C82A-4C16-B1B5-1331DAC367A3}.Debug|Any CPU.ActiveCfg = Debug|Any CPU
		{D7178452-C82A-4C16-B1B5-1331DAC367A3}.Debug|Any CPU.Build.0 = Debug|Any CPU
		{D7178452-C82A-4C16-B1B5-1331DAC367A3}.Release|Any CPU.ActiveCfg = Release|Any CPU
		{D7178452-C82A-4C16-B1B5-1331DAC367A3}.Release|Any CPU.Build.0 = Release|Any CPU
		{28357706-8588-4631-9CD3-E5537B54AC96}.Debug|Any CPU.ActiveCfg = Debug|Any CPU
		{28357706-8588-4631-9CD3-E5537B54AC96}.Debug|Any CPU.Build.0 = Debug|Any CPU
		{28357706-8588-4631-9CD3-E5537B54AC96}.Release|Any CPU.ActiveCfg = Release|Any CPU
		{28357706-8588-4631-9CD3-E5537B54AC96}.Release|Any CPU.Build.0 = Release|Any CPU
		{716B190F-6A18-481A-9191-C1A3069F7975}.Debug|Any CPU.ActiveCfg = Debug|Any CPU
		{716B190F-6A18-481A-9191-C1A3069F7975}.Debug|Any CPU.Build.0 = Debug|Any CPU
		{716B190F-6A18-481A-9191-C1A3069F7975}.Release|Any CPU.ActiveCfg = Release|Any CPU
		{716B190F-6A18-481A-9191-C1A3069F7975}.Release|Any CPU.Build.0 = Release|Any CPU
		{627F45DC-84EF-41DF-9D23-E7D580156BF5}.Debug|Any CPU.ActiveCfg = Debug|Any CPU
		{627F45DC-84EF-41DF-9D23-E7D580156BF5}.Debug|Any CPU.Build.0 = Debug|Any CPU
		{627F45DC-84EF-41DF-9D23-E7D580156BF5}.Release|Any CPU.ActiveCfg = Release|Any CPU
		{627F45DC-84EF-41DF-9D23-E7D580156BF5}.Release|Any CPU.Build.0 = Release|Any CPU
		{758F81E5-2C34-486C-BFFB-62B392600067}.Debug|Any CPU.ActiveCfg = Debug|Any CPU
		{758F81E5-2C34-486C-BFFB-62B392600067}.Debug|Any CPU.Build.0 = Debug|Any CPU
		{758F81E5-2C34-486C-BFFB-62B392600067}.Release|Any CPU.ActiveCfg = Release|Any CPU
		{758F81E5-2C34-486C-BFFB-62B392600067}.Release|Any CPU.Build.0 = Release|Any CPU
		{C0ED533D-8A60-4CA2-A290-1ACC8BD6DFEE}.Debug|Any CPU.ActiveCfg = Debug|Any CPU
		{C0ED533D-8A60-4CA2-A290-1ACC8BD6DFEE}.Debug|Any CPU.Build.0 = Debug|Any CPU
		{C0ED533D-8A60-4CA2-A290-1ACC8BD6DFEE}.Release|Any CPU.ActiveCfg = Release|Any CPU
		{C0ED533D-8A60-4CA2-A290-1ACC8BD6DFEE}.Release|Any CPU.Build.0 = Release|Any CPU
	EndGlobalSection
	GlobalSection(SolutionProperties) = preSolution
		HideSolutionNode = FALSE
	EndGlobalSection
	GlobalSection(NestedProjects) = preSolution
		{9A02CE23-9976-4FCE-929B-F4E55F96C3C2} = {4962C7B7-9835-4FE5-BEEB-DD3F375537B7}
		{515EE1A7-ED77-423E-B994-882B0D0E1CBE} = {4962C7B7-9835-4FE5-BEEB-DD3F375537B7}
		{384AA159-4011-4EE4-88BE-9E9C73B98A18} = {4962C7B7-9835-4FE5-BEEB-DD3F375537B7}
		{C4CC9F16-6461-4A2B-9004-AADA26038E4D} = {4962C7B7-9835-4FE5-BEEB-DD3F375537B7}
		{28357706-8588-4631-9CD3-E5537B54AC96} = {4962C7B7-9835-4FE5-BEEB-DD3F375537B7}
		{627F45DC-84EF-41DF-9D23-E7D580156BF5} = {4962C7B7-9835-4FE5-BEEB-DD3F375537B7}
	EndGlobalSection
	GlobalSection(ExtensibilityGlobals) = postSolution
		SolutionGuid = {EB86B6DA-4E94-41EF-8CAA-064DE0176535}
	EndGlobalSection
EndGlobal
